
Microsoft Visual Studio Solution File, Format Version 12.00
# Visual Studio Version 17
VisualStudioVersion = 17.14.36518.9 d17.14
MinimumVisualStudioVersion = 10.0.40219.1
Project("{FAE04EC0-301F-11D3-BF4B-00C04F79EFBC}") = "Praktik6.1_shafa_xpplg2", "Praktik6.1_shafa_xpplg2\Praktik6.1_shafa_xpplg2.csproj", "{4300CD1D-8ED0-4980-B88C-84EC917BC018}"
EndProject
Global
	GlobalSection(SolutionConfigurationPlatforms) = preSolution
		Debug|Any CPU = Debug|Any CPU
		Release|Any CPU = Release|Any CPU
	EndGlobalSection
	GlobalSection(ProjectConfigurationPlatforms) = postSolution
		{4300CD1D-8ED0-4980-B88C-84EC917BC018}.Debug|Any CPU.ActiveCfg = Debug|Any CPU
		{4300CD1D-8ED0-4980-B88C-84EC917BC018}.Debug|Any CPU.Build.0 = Debug|Any CPU
		{4300CD1D-8ED0-4980-B88C-84EC917BC018}.Release|Any CPU.ActiveCfg = Release|Any CPU
		{4300CD1D-8ED0-4980-B88C-84EC917BC018}.Release|Any CPU.Build.0 = Release|Any CPU
	EndGlobalSection
	GlobalSection(SolutionProperties) = preSolution
		HideSolutionNode = FALSE
	EndGlobalSection
	GlobalSection(ExtensibilityGlobals) = postSolution
		SolutionGuid = {ABC1E380-14F6-485B-958B-68BB188CDC0E}
	EndGlobalSection
EndGlobal
