
Microsoft Visual Studio Solution File, Format Version 12.00
# Visual Studio Version 17
VisualStudioVersion = 17.14.36518.9 d17.14
MinimumVisualStudioVersion = 10.0.40219.1
Project("{FAE04EC0-301F-11D3-BF4B-00C04F79EFBC}") = "Praktik6.5_shafa_xpplg", "Praktik6.5_shafa_xpplg\Praktik6.5_shafa_xpplg.csproj", "{F150B24A-849D-4841-A1A8-8B83E554DAE0}"
EndProject
Global
	GlobalSection(SolutionConfigurationPlatforms) = preSolution
		Debug|Any CPU = Debug|Any CPU
		Release|Any CPU = Release|Any CPU
	EndGlobalSection
	GlobalSection(ProjectConfigurationPlatforms) = postSolution
		{F150B24A-849D-4841-A1A8-8B83E554DAE0}.Debug|Any CPU.ActiveCfg = Debug|Any CPU
		{F150B24A-849D-4841-A1A8-8B83E554DAE0}.Debug|Any CPU.Build.0 = Debug|Any CPU
		{F150B24A-849D-4841-A1A8-8B83E554DAE0}.Release|Any CPU.ActiveCfg = Release|Any CPU
		{F150B24A-849D-4841-A1A8-8B83E554DAE0}.Release|Any CPU.Build.0 = Release|Any CPU
	EndGlobalSection
	GlobalSection(SolutionProperties) = preSolution
		HideSolutionNode = FALSE
	EndGlobalSection
	GlobalSection(ExtensibilityGlobals) = postSolution
		SolutionGuid = {24D805AF-DDB4-426E-B978-EECC12876663}
	EndGlobalSection
EndGlobal
